{
  "version": 4,
  "terraform_version": "1.5.6",
  "serial": 484,
  "lineage": "98885d53-aac9-70e2-3720-0037bf0ba10d",
  "outputs": {
    "private_ip_db": {
      "value": "10.0.0.10",
      "type": "string"
    },
    "public_ip_db": {
      "value": {
        "allocation_method": "Static",
        "domain_name_label": null,
        "edge_zone": "",
        "fqdn": null,
        "id": "/subscriptions/d6c8d337-3ebc-4622-93d2-90cc522d0662/resourceGroups/rg-tr-westus/providers/Microsoft.Network/publicIPAddresses/pip-te-db-westus",
        "idle_timeout_in_minutes": 4,
        "ip_address": "13.64.238.108",
        "ip_tags": null,
        "ip_version": "IPv4",
        "location": "westus",
        "name": "pip-te-db-westus",
        "public_ip_prefix_id": null,
        "resource_group_name": "rg-tr-westus",
        "reverse_fqdn": null,
        "sku": "Basic",
        "sku_tier": "Regional",
        "tags": null,
        "timeouts": null,
        "zones": null
      },
      "type": [
        "object",
        {
          "allocation_method": "string",
          "domain_name_label": "string",
          "edge_zone": "string",
          "fqdn": "string",
          "id": "string",
          "idle_timeout_in_minutes": "number",
          "ip_address": "string",
          "ip_tags": [
            "map",
            "string"
          ],
          "ip_version": "string",
          "location": "string",
          "name": "string",
          "public_ip_prefix_id": "string",
          "resource_group_name": "string",
          "reverse_fqdn": "string",
          "sku": "string",
          "sku_tier": "string",
          "tags": [
            "map",
            "string"
          ],
          "timeouts": [
            "object",
            {
              "create": "string",
              "delete": "string",
              "read": "string",
              "update": "string"
            }
          ],
          "zones": [
            "set",
            "string"
          ]
        }
      ]
    },
    "resource_group_name": {
      "value": "rg-tr-westus",
      "type": "string"
    }
  },
  "resources": [
    {
      "mode": "data",
      "type": "template_file",
      "name": "base64_encoded_script",
      "provider": "provider[\"registry.terraform.io/hashicorp/template\"]",
      "instances": [
        {
          "schema_version": 0,
          "attributes": {
            "filename": null,
            "id": "5a9b09111b4ec59a2514765d680597f28b041fbfc6e251cff965ef7518acb7bf",
            "rendered": "sudo apt update\nsudo apt install -y python3 python3-pip\nsudo apt install libpq-dev -y\nsudo apt install python3-flask\n\npip3 install fastapi\npip3 install uvicorn\npip3 install psycopg2\npip3 install Flask-SQLAlchemy\nFlask Flask-SQLAlchemy psycopg2\napt-get install -y python3-flask python3-itsdangerous python3-pyinotify python3-simplejson python3-werkzeug\ngit clone https://github.com/adikoren/tr_progect.git\n# Run the Flask app\npython3 /var/lib/waagent/custom-script/download/0/tr_progect/flask_app/app.py \u0026\n\n\n\n\n",
            "template": "sudo apt update\nsudo apt install -y python3 python3-pip\nsudo apt install libpq-dev -y\nsudo apt install python3-flask\n\npip3 install fastapi\npip3 install uvicorn\npip3 install psycopg2\npip3 install Flask-SQLAlchemy\nFlask Flask-SQLAlchemy psycopg2\napt-get install -y python3-flask python3-itsdangerous python3-pyinotify python3-simplejson python3-werkzeug\ngit clone https://github.com/adikoren/tr_progect.git\n# Run the Flask app\npython3 /var/lib/waagent/custom-script/download/0/tr_progect/flask_app/app.py \u0026\n\n\n\n\n",
            "vars": null
          },
          "sensitive_attributes": []
        }
      ]
    },
    {
      "mode": "managed",
      "type": "azurerm_linux_virtual_machine",
      "name": "az_vm_db",
      "provider": "provider[\"registry.terraform.io/hashicorp/azurerm\"]",
      "instances": [
        {
          "schema_version": 0,
          "attributes": {
            "additional_capabilities": [],
            "admin_password": "Adikoren1",
            "admin_ssh_key": [],
            "admin_username": "adi",
            "allow_extension_operations": true,
            "availability_set_id": "",
            "boot_diagnostics": [],
            "computer_name": "vm-db",
            "custom_data": null,
            "dedicated_host_group_id": "",
            "dedicated_host_id": "",
            "disable_password_authentication": false,
            "edge_zone": "",
            "encryption_at_host_enabled": false,
            "eviction_policy": "",
            "extensions_time_budget": "PT1H30M",
            "id": "/subscriptions/d6c8d337-3ebc-4622-93d2-90cc522d0662/resourceGroups/rg-tr-westus/providers/Microsoft.Compute/virtualMachines/vm_db_tr_westus",
            "identity": [],
            "license_type": "",
            "location": "westus",
            "max_bid_price": -1,
            "name": "vm_db_tr_westus",
            "network_interface_ids": [
              "/subscriptions/d6c8d337-3ebc-4622-93d2-90cc522d0662/resourceGroups/rg-tr-westus/providers/Microsoft.Network/networkInterfaces/nic-tr-db-westus"
            ],
            "os_disk": [
              {
                "caching": "ReadWrite",
                "diff_disk_settings": [],
                "disk_encryption_set_id": "",
                "disk_size_gb": 30,
                "name": "os-disk-tr-db-westus",
                "storage_account_type": "StandardSSD_LRS",
                "write_accelerator_enabled": false
              }
            ],
            "patch_mode": "ImageDefault",
            "plan": [],
            "platform_fault_domain": -1,
            "priority": "Regular",
            "private_ip_address": "10.0.0.10",
            "private_ip_addresses": [
              "10.0.0.10"
            ],
            "provision_vm_agent": true,
            "proximity_placement_group_id": "",
            "public_ip_address": "",
            "public_ip_addresses": [],
            "resource_group_name": "rg-tr-westus",
            "secret": [],
            "secure_boot_enabled": false,
            "size": "Standard_DS1_v2",
            "source_image_id": "",
            "source_image_reference": [
              {
                "offer": "0001-com-ubuntu-server-jammy",
                "publisher": "Canonical",
                "sku": "22_04-lts-gen2",
                "version": "latest"
              }
            ],
            "tags": null,
            "termination_notification": null,
            "timeouts": null,
            "user_data": "",
            "virtual_machine_id": "48e14562-4527-4562-ada6-43c6ddd9e920",
            "virtual_machine_scale_set_id": "",
            "vtpm_enabled": false,
            "zone": ""
          },
          "sensitive_attributes": [],
          "private": "eyJlMmJmYjczMC1lY2FhLTExZTYtOGY4OC0zNDM2M2JjN2M0YzAiOnsiY3JlYXRlIjoyNzAwMDAwMDAwMDAwLCJkZWxldGUiOjI3MDAwMDAwMDAwMDAsInJlYWQiOjMwMDAwMDAwMDAwMCwidXBkYXRlIjoyNzAwMDAwMDAwMDAwfX0=",
          "dependencies": [
            "azurerm_network_interface.az_nic_db",
            "azurerm_subnet.az_snet_db_tr_westus",
            "azurerm_virtual_network.az_vnet"
          ]
        }
      ]
    },
    {
      "mode": "managed",
      "type": "azurerm_linux_virtual_machine",
      "name": "az_vm_webapp",
      "provider": "provider[\"registry.terraform.io/hashicorp/azurerm\"]",
      "instances": [
        {
          "schema_version": 0,
          "attributes": {
            "additional_capabilities": [],
            "admin_password": "Adikoren1",
            "admin_ssh_key": [],
            "admin_username": "adi",
            "allow_extension_operations": true,
            "availability_set_id": "",
            "boot_diagnostics": [],
            "computer_name": "vm-webapp",
            "custom_data": null,
            "dedicated_host_group_id": "",
            "dedicated_host_id": "",
            "disable_password_authentication": false,
            "edge_zone": "",
            "encryption_at_host_enabled": false,
            "eviction_policy": "",
            "extensions_time_budget": "PT1H30M",
            "id": "/subscriptions/d6c8d337-3ebc-4622-93d2-90cc522d0662/resourceGroups/rg-tr-westus/providers/Microsoft.Compute/virtualMachines/vm_webapp_tr_westus",
            "identity": [],
            "license_type": "",
            "location": "westus",
            "max_bid_price": -1,
            "name": "vm_webapp_tr_westus",
            "network_interface_ids": [
              "/subscriptions/d6c8d337-3ebc-4622-93d2-90cc522d0662/resourceGroups/rg-tr-westus/providers/Microsoft.Network/networkInterfaces/nic-tr-webapp-westus"
            ],
            "os_disk": [
              {
                "caching": "ReadWrite",
                "diff_disk_settings": [],
                "disk_encryption_set_id": "",
                "disk_size_gb": 30,
                "name": "os-disk-tr-webapp-westus",
                "storage_account_type": "StandardSSD_LRS",
                "write_accelerator_enabled": false
              }
            ],
            "patch_mode": "ImageDefault",
            "plan": [],
            "platform_fault_domain": -1,
            "priority": "Regular",
            "private_ip_address": "10.0.1.4",
            "private_ip_addresses": [
              "10.0.1.4"
            ],
            "provision_vm_agent": true,
            "proximity_placement_group_id": "",
            "public_ip_address": "13.87.185.130",
            "public_ip_addresses": [
              "13.87.185.130"
            ],
            "resource_group_name": "rg-tr-westus",
            "secret": [],
            "secure_boot_enabled": false,
            "size": "Standard_DS1_v2",
            "source_image_id": "",
            "source_image_reference": [
              {
                "offer": "0001-com-ubuntu-server-jammy",
                "publisher": "Canonical",
                "sku": "22_04-lts-gen2",
                "version": "latest"
              }
            ],
            "tags": null,
            "termination_notification": null,
            "timeouts": null,
            "user_data": "",
            "virtual_machine_id": "e633ad04-8876-4cfc-bbb7-4fde955cce38",
            "virtual_machine_scale_set_id": "",
            "vtpm_enabled": false,
            "zone": ""
          },
          "sensitive_attributes": [],
          "private": "eyJlMmJmYjczMC1lY2FhLTExZTYtOGY4OC0zNDM2M2JjN2M0YzAiOnsiY3JlYXRlIjoyNzAwMDAwMDAwMDAwLCJkZWxldGUiOjI3MDAwMDAwMDAwMDAsInJlYWQiOjMwMDAwMDAwMDAwMCwidXBkYXRlIjoyNzAwMDAwMDAwMDAwfX0=",
          "dependencies": [
            "azurerm_network_interface.az_nic_webapp",
            "azurerm_public_ip.az_pip_webapp",
            "azurerm_subnet.az_snet_webapp_tr_westus",
            "azurerm_virtual_network.az_vnet"
          ]
        }
      ]
    },
    {
      "mode": "managed",
      "type": "azurerm_network_interface",
      "name": "az_nic_db",
      "provider": "provider[\"registry.terraform.io/hashicorp/azurerm\"]",
      "instances": [
        {
          "schema_version": 0,
          "attributes": {
            "applied_dns_servers": [],
            "dns_servers": [],
            "edge_zone": "",
            "enable_accelerated_networking": false,
            "enable_ip_forwarding": false,
            "id": "/subscriptions/d6c8d337-3ebc-4622-93d2-90cc522d0662/resourceGroups/rg-tr-westus/providers/Microsoft.Network/networkInterfaces/nic-tr-db-westus",
            "internal_dns_name_label": "",
            "internal_domain_name_suffix": "noeukoabe4fuhbmvv3iqska4md.dx.internal.cloudapp.net",
            "ip_configuration": [
              {
                "gateway_load_balancer_frontend_ip_configuration_id": "",
                "name": "nic-ip-config-tr-db-westus",
                "primary": true,
                "private_ip_address": "10.0.0.10",
                "private_ip_address_allocation": "Static",
                "private_ip_address_version": "IPv4",
                "public_ip_address_id": "",
                "subnet_id": "/subscriptions/d6c8d337-3ebc-4622-93d2-90cc522d0662/resourceGroups/rg-tr-westus/providers/Microsoft.Network/virtualNetworks/vnet-tr-westus/subnets/snet-db-tr-westus"
              }
            ],
            "location": "westus",
            "mac_address": "",
            "name": "nic-tr-db-westus",
            "private_ip_address": "10.0.0.10",
            "private_ip_addresses": [
              "10.0.0.10"
            ],
            "resource_group_name": "rg-tr-westus",
            "tags": null,
            "timeouts": null,
            "virtual_machine_id": ""
          },
          "sensitive_attributes": [],
          "private": "eyJlMmJmYjczMC1lY2FhLTExZTYtOGY4OC0zNDM2M2JjN2M0YzAiOnsiY3JlYXRlIjoxODAwMDAwMDAwMDAwLCJkZWxldGUiOjE4MDAwMDAwMDAwMDAsInJlYWQiOjMwMDAwMDAwMDAwMCwidXBkYXRlIjoxODAwMDAwMDAwMDAwfX0=",
          "dependencies": [
            "azurerm_subnet.az_snet_db_tr_westus",
            "azurerm_virtual_network.az_vnet"
          ]
        }
      ]
    },
    {
      "mode": "managed",
      "type": "azurerm_network_interface",
      "name": "az_nic_webapp",
      "provider": "provider[\"registry.terraform.io/hashicorp/azurerm\"]",
      "instances": [
        {
          "schema_version": 0,
          "attributes": {
            "applied_dns_servers": [],
            "dns_servers": [],
            "edge_zone": "",
            "enable_accelerated_networking": false,
            "enable_ip_forwarding": false,
            "id": "/subscriptions/d6c8d337-3ebc-4622-93d2-90cc522d0662/resourceGroups/rg-tr-westus/providers/Microsoft.Network/networkInterfaces/nic-tr-webapp-westus",
            "internal_dns_name_label": "",
            "internal_domain_name_suffix": "noeukoabe4fuhbmvv3iqska4md.dx.internal.cloudapp.net",
            "ip_configuration": [
              {
                "gateway_load_balancer_frontend_ip_configuration_id": "",
                "name": "nic-ip-config-tr-webapp-westus",
                "primary": true,
                "private_ip_address": "10.0.1.4",
                "private_ip_address_allocation": "Dynamic",
                "private_ip_address_version": "IPv4",
                "public_ip_address_id": "/subscriptions/d6c8d337-3ebc-4622-93d2-90cc522d0662/resourceGroups/rg-tr-westus/providers/Microsoft.Network/publicIPAddresses/pip-te-webapp-westus",
                "subnet_id": "/subscriptions/d6c8d337-3ebc-4622-93d2-90cc522d0662/resourceGroups/rg-tr-westus/providers/Microsoft.Network/virtualNetworks/vnet-tr-westus/subnets/snet-webapp-tr-westus"
              }
            ],
            "location": "westus",
            "mac_address": "",
            "name": "nic-tr-webapp-westus",
            "private_ip_address": "10.0.1.4",
            "private_ip_addresses": [
              "10.0.1.4"
            ],
            "resource_group_name": "rg-tr-westus",
            "tags": null,
            "timeouts": null,
            "virtual_machine_id": ""
          },
          "sensitive_attributes": [],
          "private": "eyJlMmJmYjczMC1lY2FhLTExZTYtOGY4OC0zNDM2M2JjN2M0YzAiOnsiY3JlYXRlIjoxODAwMDAwMDAwMDAwLCJkZWxldGUiOjE4MDAwMDAwMDAwMDAsInJlYWQiOjMwMDAwMDAwMDAwMCwidXBkYXRlIjoxODAwMDAwMDAwMDAwfX0=",
          "dependencies": [
            "azurerm_public_ip.az_pip_webapp",
            "azurerm_subnet.az_snet_webapp_tr_westus",
            "azurerm_virtual_network.az_vnet"
          ]
        }
      ]
    },
    {
      "mode": "managed",
      "type": "azurerm_network_security_group",
      "name": "az_nsg_db",
      "provider": "provider[\"registry.terraform.io/hashicorp/azurerm\"]",
      "instances": [
        {
          "schema_version": 0,
          "attributes": {
            "id": "/subscriptions/d6c8d337-3ebc-4622-93d2-90cc522d0662/resourceGroups/rg-tr-westus/providers/Microsoft.Network/networkSecurityGroups/nsg-db-tr-westus",
            "location": "westus",
            "name": "nsg-db-tr-westus",
            "resource_group_name": "rg-tr-westus",
            "security_rule": [
              {
                "access": "Allow",
                "description": "",
                "destination_address_prefix": "*",
                "destination_address_prefixes": [],
                "destination_application_security_group_ids": [],
                "destination_port_range": "22",
                "destination_port_ranges": [],
                "direction": "Inbound",
                "name": "nsgsr_22",
                "priority": 105,
                "protocol": "*",
                "source_address_prefix": "10.0.1.0/24",
                "source_address_prefixes": [],
                "source_application_security_group_ids": [],
                "source_port_range": "*",
                "source_port_ranges": []
              },
              {
                "access": "Allow",
                "description": "",
                "destination_address_prefix": "*",
                "destination_address_prefixes": [],
                "destination_application_security_group_ids": [],
                "destination_port_range": "5432",
                "destination_port_ranges": [],
                "direction": "Inbound",
                "name": "nsgsr_5432",
                "priority": 100,
                "protocol": "*",
                "source_address_prefix": "10.0.1.0/24",
                "source_address_prefixes": [],
                "source_application_security_group_ids": [],
                "source_port_range": "*",
                "source_port_ranges": []
              },
              {
                "access": "Deny",
                "description": "",
                "destination_address_prefix": "*",
                "destination_address_prefixes": [],
                "destination_application_security_group_ids": [],
                "destination_port_range": "*",
                "destination_port_ranges": [],
                "direction": "Inbound",
                "name": "nsgsr_deny",
                "priority": 110,
                "protocol": "*",
                "source_address_prefix": "*",
                "source_address_prefixes": [],
                "source_application_security_group_ids": [],
                "source_port_range": "*",
                "source_port_ranges": []
              }
            ],
            "tags": null,
            "timeouts": null
          },
          "sensitive_attributes": [],
          "private": "eyJlMmJmYjczMC1lY2FhLTExZTYtOGY4OC0zNDM2M2JjN2M0YzAiOnsiY3JlYXRlIjoxODAwMDAwMDAwMDAwLCJkZWxldGUiOjE4MDAwMDAwMDAwMDAsInJlYWQiOjMwMDAwMDAwMDAwMCwidXBkYXRlIjoxODAwMDAwMDAwMDAwfX0="
        }
      ]
    },
    {
      "mode": "managed",
      "type": "azurerm_network_security_group",
      "name": "az_nsg_webapp",
      "provider": "provider[\"registry.terraform.io/hashicorp/azurerm\"]",
      "instances": [
        {
          "schema_version": 0,
          "attributes": {
            "id": "/subscriptions/d6c8d337-3ebc-4622-93d2-90cc522d0662/resourceGroups/rg-tr-westus/providers/Microsoft.Network/networkSecurityGroups/nsg-webapp-tr-westus",
            "location": "westus",
            "name": "nsg-webapp-tr-westus",
            "resource_group_name": "rg-tr-westus",
            "security_rule": [
              {
                "access": "Allow",
                "description": "",
                "destination_address_prefix": "*",
                "destination_address_prefixes": [],
                "destination_application_security_group_ids": [],
                "destination_port_range": "22",
                "destination_port_ranges": [],
                "direction": "Inbound",
                "name": "nsgsr_22",
                "priority": 130,
                "protocol": "*",
                "source_address_prefix": "2.52.130.168",
                "source_address_prefixes": [],
                "source_application_security_group_ids": [],
                "source_port_range": "*",
                "source_port_ranges": []
              },
              {
                "access": "Allow",
                "description": "",
                "destination_address_prefix": "*",
                "destination_address_prefixes": [],
                "destination_application_security_group_ids": [],
                "destination_port_range": "5000",
                "destination_port_ranges": [],
                "direction": "Inbound",
                "name": "nsgsr_5000",
                "priority": 120,
                "protocol": "*",
                "source_address_prefix": "*",
                "source_address_prefixes": [],
                "source_application_security_group_ids": [],
                "source_port_range": "*",
                "source_port_ranges": []
              },
              {
                "access": "Allow",
                "description": "",
                "destination_address_prefix": "*",
                "destination_address_prefixes": [],
                "destination_application_security_group_ids": [],
                "destination_port_range": "80",
                "destination_port_ranges": [],
                "direction": "Inbound",
                "name": "nsgsr_80",
                "priority": 100,
                "protocol": "*",
                "source_address_prefix": "*",
                "source_address_prefixes": [],
                "source_application_security_group_ids": [],
                "source_port_range": "*",
                "source_port_ranges": []
              },
              {
                "access": "Allow",
                "description": "",
                "destination_address_prefix": "*",
                "destination_address_prefixes": [],
                "destination_application_security_group_ids": [],
                "destination_port_range": "8080",
                "destination_port_ranges": [],
                "direction": "Inbound",
                "name": "nsgsr_8080",
                "priority": 110,
                "protocol": "*",
                "source_address_prefix": "*",
                "source_address_prefixes": [],
                "source_application_security_group_ids": [],
                "source_port_range": "*",
                "source_port_ranges": []
              }
            ],
            "tags": null,
            "timeouts": null
          },
          "sensitive_attributes": [],
          "private": "eyJlMmJmYjczMC1lY2FhLTExZTYtOGY4OC0zNDM2M2JjN2M0YzAiOnsiY3JlYXRlIjoxODAwMDAwMDAwMDAwLCJkZWxldGUiOjE4MDAwMDAwMDAwMDAsInJlYWQiOjMwMDAwMDAwMDAwMCwidXBkYXRlIjoxODAwMDAwMDAwMDAwfX0="
        }
      ]
    },
    {
      "mode": "managed",
      "type": "azurerm_public_ip",
      "name": "az_pip_db",
      "provider": "provider[\"registry.terraform.io/hashicorp/azurerm\"]",
      "instances": [
        {
          "schema_version": 0,
          "attributes": {
            "allocation_method": "Static",
            "domain_name_label": null,
            "edge_zone": "",
            "fqdn": null,
            "id": "/subscriptions/d6c8d337-3ebc-4622-93d2-90cc522d0662/resourceGroups/rg-tr-westus/providers/Microsoft.Network/publicIPAddresses/pip-te-db-westus",
            "idle_timeout_in_minutes": 4,
            "ip_address": "13.64.238.108",
            "ip_tags": null,
            "ip_version": "IPv4",
            "location": "westus",
            "name": "pip-te-db-westus",
            "public_ip_prefix_id": null,
            "resource_group_name": "rg-tr-westus",
            "reverse_fqdn": null,
            "sku": "Basic",
            "sku_tier": "Regional",
            "tags": null,
            "timeouts": null,
            "zones": null
          },
          "sensitive_attributes": [],
          "private": "eyJlMmJmYjczMC1lY2FhLTExZTYtOGY4OC0zNDM2M2JjN2M0YzAiOnsiY3JlYXRlIjoxODAwMDAwMDAwMDAwLCJkZWxldGUiOjE4MDAwMDAwMDAwMDAsInJlYWQiOjMwMDAwMDAwMDAwMCwidXBkYXRlIjoxODAwMDAwMDAwMDAwfX0="
        }
      ]
    },
    {
      "mode": "managed",
      "type": "azurerm_public_ip",
      "name": "az_pip_webapp",
      "provider": "provider[\"registry.terraform.io/hashicorp/azurerm\"]",
      "instances": [
        {
          "schema_version": 0,
          "attributes": {
            "allocation_method": "Dynamic",
            "domain_name_label": null,
            "edge_zone": "",
            "fqdn": null,
            "id": "/subscriptions/d6c8d337-3ebc-4622-93d2-90cc522d0662/resourceGroups/rg-tr-westus/providers/Microsoft.Network/publicIPAddresses/pip-te-webapp-westus",
            "idle_timeout_in_minutes": 4,
            "ip_address": "",
            "ip_tags": null,
            "ip_version": "IPv4",
            "location": "westus",
            "name": "pip-te-webapp-westus",
            "public_ip_prefix_id": null,
            "resource_group_name": "rg-tr-westus",
            "reverse_fqdn": null,
            "sku": "Basic",
            "sku_tier": "Regional",
            "tags": null,
            "timeouts": null,
            "zones": null
          },
          "sensitive_attributes": [],
          "private": "eyJlMmJmYjczMC1lY2FhLTExZTYtOGY4OC0zNDM2M2JjN2M0YzAiOnsiY3JlYXRlIjoxODAwMDAwMDAwMDAwLCJkZWxldGUiOjE4MDAwMDAwMDAwMDAsInJlYWQiOjMwMDAwMDAwMDAwMCwidXBkYXRlIjoxODAwMDAwMDAwMDAwfX0="
        }
      ]
    },
    {
      "mode": "managed",
      "type": "azurerm_resource_group",
      "name": "az_rg",
      "provider": "provider[\"registry.terraform.io/hashicorp/azurerm\"]",
      "instances": [
        {
          "schema_version": 0,
          "attributes": {
            "id": "/subscriptions/d6c8d337-3ebc-4622-93d2-90cc522d0662/resourceGroups/rg-tr-westus",
            "location": "westus",
            "name": "rg-tr-westus",
            "tags": {},
            "timeouts": null
          },
          "sensitive_attributes": [],
          "private": "eyJlMmJmYjczMC1lY2FhLTExZTYtOGY4OC0zNDM2M2JjN2M0YzAiOnsiY3JlYXRlIjo1NDAwMDAwMDAwMDAwLCJkZWxldGUiOjU0MDAwMDAwMDAwMDAsInJlYWQiOjMwMDAwMDAwMDAwMCwidXBkYXRlIjo1NDAwMDAwMDAwMDAwfX0="
        }
      ]
    },
    {
      "mode": "managed",
      "type": "azurerm_subnet",
      "name": "az_snet_db_tr_westus",
      "provider": "provider[\"registry.terraform.io/hashicorp/azurerm\"]",
      "instances": [
        {
          "schema_version": 0,
          "attributes": {
            "address_prefixes": [
              "10.0.0.0/24"
            ],
            "delegation": [],
            "enforce_private_link_endpoint_network_policies": false,
            "enforce_private_link_service_network_policies": false,
            "id": "/subscriptions/d6c8d337-3ebc-4622-93d2-90cc522d0662/resourceGroups/rg-tr-westus/providers/Microsoft.Network/virtualNetworks/vnet-tr-westus/subnets/snet-db-tr-westus",
            "name": "snet-db-tr-westus",
            "resource_group_name": "rg-tr-westus",
            "service_endpoint_policy_ids": null,
            "service_endpoints": null,
            "timeouts": null,
            "virtual_network_name": "vnet-tr-westus"
          },
          "sensitive_attributes": [],
          "private": "eyJlMmJmYjczMC1lY2FhLTExZTYtOGY4OC0zNDM2M2JjN2M0YzAiOnsiY3JlYXRlIjoxODAwMDAwMDAwMDAwLCJkZWxldGUiOjE4MDAwMDAwMDAwMDAsInJlYWQiOjMwMDAwMDAwMDAwMCwidXBkYXRlIjoxODAwMDAwMDAwMDAwfX0=",
          "dependencies": [
            "azurerm_virtual_network.az_vnet"
          ]
        }
      ]
    },
    {
      "mode": "managed",
      "type": "azurerm_subnet",
      "name": "az_snet_webapp_tr_westus",
      "provider": "provider[\"registry.terraform.io/hashicorp/azurerm\"]",
      "instances": [
        {
          "schema_version": 0,
          "attributes": {
            "address_prefixes": [
              "10.0.1.0/24"
            ],
            "delegation": [],
            "enforce_private_link_endpoint_network_policies": false,
            "enforce_private_link_service_network_policies": false,
            "id": "/subscriptions/d6c8d337-3ebc-4622-93d2-90cc522d0662/resourceGroups/rg-tr-westus/providers/Microsoft.Network/virtualNetworks/vnet-tr-westus/subnets/snet-webapp-tr-westus",
            "name": "snet-webapp-tr-westus",
            "resource_group_name": "rg-tr-westus",
            "service_endpoint_policy_ids": null,
            "service_endpoints": null,
            "timeouts": null,
            "virtual_network_name": "vnet-tr-westus"
          },
          "sensitive_attributes": [],
          "private": "eyJlMmJmYjczMC1lY2FhLTExZTYtOGY4OC0zNDM2M2JjN2M0YzAiOnsiY3JlYXRlIjoxODAwMDAwMDAwMDAwLCJkZWxldGUiOjE4MDAwMDAwMDAwMDAsInJlYWQiOjMwMDAwMDAwMDAwMCwidXBkYXRlIjoxODAwMDAwMDAwMDAwfX0=",
          "dependencies": [
            "azurerm_virtual_network.az_vnet"
          ]
        }
      ]
    },
    {
      "mode": "managed",
      "type": "azurerm_subnet_network_security_group_association",
      "name": "az_snetsgas_db",
      "provider": "provider[\"registry.terraform.io/hashicorp/azurerm\"]",
      "instances": [
        {
          "schema_version": 0,
          "attributes": {
            "id": "/subscriptions/d6c8d337-3ebc-4622-93d2-90cc522d0662/resourceGroups/rg-tr-westus/providers/Microsoft.Network/virtualNetworks/vnet-tr-westus/subnets/snet-db-tr-westus",
            "network_security_group_id": "/subscriptions/d6c8d337-3ebc-4622-93d2-90cc522d0662/resourceGroups/rg-tr-westus/providers/Microsoft.Network/networkSecurityGroups/nsg-db-tr-westus",
            "subnet_id": "/subscriptions/d6c8d337-3ebc-4622-93d2-90cc522d0662/resourceGroups/rg-tr-westus/providers/Microsoft.Network/virtualNetworks/vnet-tr-westus/subnets/snet-db-tr-westus",
            "timeouts": null
          },
          "sensitive_attributes": [],
          "private": "eyJlMmJmYjczMC1lY2FhLTExZTYtOGY4OC0zNDM2M2JjN2M0YzAiOnsiY3JlYXRlIjoxODAwMDAwMDAwMDAwLCJkZWxldGUiOjE4MDAwMDAwMDAwMDAsInJlYWQiOjMwMDAwMDAwMDAwMCwidXBkYXRlIjoxODAwMDAwMDAwMDAwfX0=",
          "dependencies": [
            "azurerm_network_security_group.az_nsg_db",
            "azurerm_subnet.az_snet_db_tr_westus",
            "azurerm_virtual_network.az_vnet"
          ]
        }
      ]
    },
    {
      "mode": "managed",
      "type": "azurerm_subnet_network_security_group_association",
      "name": "az_snetsgas_webapp",
      "provider": "provider[\"registry.terraform.io/hashicorp/azurerm\"]",
      "instances": [
        {
          "schema_version": 0,
          "attributes": {
            "id": "/subscriptions/d6c8d337-3ebc-4622-93d2-90cc522d0662/resourceGroups/rg-tr-westus/providers/Microsoft.Network/virtualNetworks/vnet-tr-westus/subnets/snet-webapp-tr-westus",
            "network_security_group_id": "/subscriptions/d6c8d337-3ebc-4622-93d2-90cc522d0662/resourceGroups/rg-tr-westus/providers/Microsoft.Network/networkSecurityGroups/nsg-webapp-tr-westus",
            "subnet_id": "/subscriptions/d6c8d337-3ebc-4622-93d2-90cc522d0662/resourceGroups/rg-tr-westus/providers/Microsoft.Network/virtualNetworks/vnet-tr-westus/subnets/snet-webapp-tr-westus",
            "timeouts": null
          },
          "sensitive_attributes": [],
          "private": "eyJlMmJmYjczMC1lY2FhLTExZTYtOGY4OC0zNDM2M2JjN2M0YzAiOnsiY3JlYXRlIjoxODAwMDAwMDAwMDAwLCJkZWxldGUiOjE4MDAwMDAwMDAwMDAsInJlYWQiOjMwMDAwMDAwMDAwMCwidXBkYXRlIjoxODAwMDAwMDAwMDAwfX0=",
          "dependencies": [
            "azurerm_network_security_group.az_nsg_webapp",
            "azurerm_subnet.az_snet_webapp_tr_westus",
            "azurerm_virtual_network.az_vnet"
          ]
        }
      ]
    },
    {
      "mode": "managed",
      "type": "azurerm_virtual_machine_extension",
      "name": "az_vm_ext_script_db",
      "provider": "provider[\"registry.terraform.io/hashicorp/azurerm\"]",
      "instances": [
        {
          "schema_version": 0,
          "attributes": {
            "auto_upgrade_minor_version": false,
            "automatic_upgrade_enabled": false,
            "id": "/subscriptions/d6c8d337-3ebc-4622-93d2-90cc522d0662/resourceGroups/rg-tr-westus/providers/Microsoft.Compute/virtualMachines/vm_db_tr_westus/extensions/vm-extension-db",
            "name": "vm-extension-db",
            "protected_settings": null,
            "publisher": "Microsoft.Azure.Extensions",
            "settings": "{\"script\":\"IyEvYmluL2Jhc2gKCiMgVXBkYXRlIHRoZSBwYWNrYWdlIGxpc3QgdG8gZ2V0IHRoZSBsYXRlc3QgaW5mb3JtYXRpb24gYWJvdXQgYXZhaWxhYmxlIHBhY2thZ2VzCnN1ZG8gYXB0IHVwZGF0ZQoKIyBJbnN0YWxsIFBvc3RncmVTUUwgYW5kIGl0cyBjb21tYW5kLWxpbmUgdG9vbHMKc3VkbyBhcHQgaW5zdGFsbCBwb3N0Z3Jlc3FsIHBvc3RncmVzcWwtY29udHJpYiAteQoKIyBTdGFydCB0aGUgUG9zdGdyZVNRTCBzZXJ2aWNlCnN1ZG8gc3lzdGVtY3RsIHN0YXJ0IHBvc3RncmVzcWwuc2VydmljZQoKIyBDcmVhdGUgYSBQb3N0Z3Jlc1NRTCBkYXRhYmFzZQpzdWRvIC11IHBvc3RncmVzIHBzcWwgLWMgIkNSRUFURSBEQVRBQkFTRSBmbGFza19kYjsiCgojIENyZWF0ZSBhIFBvc3RncmVTUUwgdXNlciBhbmQgZ3JhbnQgcHJpdmlsZWdlcyBvbiB0aGUgZGF0YWJhc2UKc3VkbyAtdSBwb3N0Z3JlcyBwc3FsIC1jICJDUkVBVEUgVVNFUiBhZGkgV0lUSCBQQVNTV09SRCAnYWRpJzsiCnN1ZG8gLXUgcG9zdGdyZXMgcHNxbCAtYyAiR1JBTlQgQUxMIFBSSVZJTEVHRVMgT04gREFUQUJBU0UgZmxhc2tfZGIgVE8gYWRpOyIKCmVjaG8gImxpc3Rlbl9hZGRyZXNzZXMgPSAnKiciIHwgc3VkbyB0ZWUgLWEgL2V0Yy9wb3N0Z3Jlc3FsLyovbWFpbi9wb3N0Z3Jlc3FsLmNvbmYKZWNobyAiaG9zdCBhbGwgYWxsIDEwLjAuMS4wLzI0IG1kNSIgfCBzdWRvIHRlZSAtYSAvZXRjL3Bvc3RncmVzcWwvKi9tYWluL3BnX2hiYS5jb25mCnN1ZG8gc3lzdGVtY3RsIHJlc3RhcnQgcG9zdGdyZXNxbC5zZXJ2aWNlIAoKCg==\"}",
            "tags": null,
            "timeouts": null,
            "type": "CustomScript",
            "type_handler_version": "2.1",
            "virtual_machine_id": "/subscriptions/d6c8d337-3ebc-4622-93d2-90cc522d0662/resourceGroups/rg-tr-westus/providers/Microsoft.Compute/virtualMachines/vm_db_tr_westus"
          },
          "sensitive_attributes": [],
          "private": "eyJlMmJmYjczMC1lY2FhLTExZTYtOGY4OC0zNDM2M2JjN2M0YzAiOnsiY3JlYXRlIjoxODAwMDAwMDAwMDAwLCJkZWxldGUiOjE4MDAwMDAwMDAwMDAsInJlYWQiOjMwMDAwMDAwMDAwMCwidXBkYXRlIjoxODAwMDAwMDAwMDAwfX0=",
          "dependencies": [
            "azurerm_linux_virtual_machine.az_vm_db",
            "azurerm_network_interface.az_nic_db",
            "azurerm_subnet.az_snet_db_tr_westus",
            "azurerm_virtual_network.az_vnet"
          ]
        }
      ]
    },
    {
      "mode": "managed",
      "type": "azurerm_virtual_machine_extension",
      "name": "az_vm_ext_script_webapp",
      "provider": "provider[\"registry.terraform.io/hashicorp/azurerm\"]",
      "instances": [
        {
          "schema_version": 0,
          "attributes": {
            "auto_upgrade_minor_version": false,
            "automatic_upgrade_enabled": false,
            "id": "/subscriptions/d6c8d337-3ebc-4622-93d2-90cc522d0662/resourceGroups/rg-tr-westus/providers/Microsoft.Compute/virtualMachines/vm_webapp_tr_westus/extensions/vm-extension-webapp",
            "name": "vm-extension-webapp",
            "protected_settings": null,
            "publisher": "Microsoft.Azure.Extensions",
            "settings": "{\"script\":\"c3VkbyBhcHQgdXBkYXRlCnN1ZG8gYXB0IGluc3RhbGwgLXkgcHl0aG9uMyBweXRob24zLXBpcApzdWRvIGFwdCBpbnN0YWxsIGxpYnBxLWRldiAteQpzdWRvIGFwdCBpbnN0YWxsIHB5dGhvbjMtZmxhc2sKCnBpcDMgaW5zdGFsbCBmYXN0YXBpCnBpcDMgaW5zdGFsbCB1dmljb3JuCnBpcDMgaW5zdGFsbCBwc3ljb3BnMgpwaXAzIGluc3RhbGwgRmxhc2stU1FMQWxjaGVteQpGbGFzayBGbGFzay1TUUxBbGNoZW15IHBzeWNvcGcyCmFwdC1nZXQgaW5zdGFsbCAteSBweXRob24zLWZsYXNrIHB5dGhvbjMtaXRzZGFuZ2Vyb3VzIHB5dGhvbjMtcHlpbm90aWZ5IHB5dGhvbjMtc2ltcGxlanNvbiBweXRob24zLXdlcmt6ZXVnCmdpdCBjbG9uZSBodHRwczovL2dpdGh1Yi5jb20vYWRpa29yZW4vdHJfcHJvZ2VjdC5naXQKIyBSdW4gdGhlIEZsYXNrIGFwcApweXRob24zIC92YXIvbGliL3dhYWdlbnQvY3VzdG9tLXNjcmlwdC9kb3dubG9hZC8wL3RyX3Byb2dlY3QvZmxhc2tfYXBwL2FwcC5weSAmCgoKCgo=\"}",
            "tags": null,
            "timeouts": null,
            "type": "CustomScript",
            "type_handler_version": "2.1",
            "virtual_machine_id": "/subscriptions/d6c8d337-3ebc-4622-93d2-90cc522d0662/resourceGroups/rg-tr-westus/providers/Microsoft.Compute/virtualMachines/vm_webapp_tr_westus"
          },
          "sensitive_attributes": [],
          "private": "eyJlMmJmYjczMC1lY2FhLTExZTYtOGY4OC0zNDM2M2JjN2M0YzAiOnsiY3JlYXRlIjoxODAwMDAwMDAwMDAwLCJkZWxldGUiOjE4MDAwMDAwMDAwMDAsInJlYWQiOjMwMDAwMDAwMDAwMCwidXBkYXRlIjoxODAwMDAwMDAwMDAwfX0=",
          "dependencies": [
            "azurerm_linux_virtual_machine.az_vm_db",
            "azurerm_linux_virtual_machine.az_vm_webapp",
            "azurerm_network_interface.az_nic_db",
            "azurerm_network_interface.az_nic_webapp",
            "azurerm_public_ip.az_pip_webapp",
            "azurerm_subnet.az_snet_db_tr_westus",
            "azurerm_subnet.az_snet_webapp_tr_westus",
            "azurerm_virtual_machine_extension.az_vm_ext_script_db",
            "azurerm_virtual_network.az_vnet"
          ]
        }
      ]
    },
    {
      "mode": "managed",
      "type": "azurerm_virtual_network",
      "name": "az_vnet",
      "provider": "provider[\"registry.terraform.io/hashicorp/azurerm\"]",
      "instances": [
        {
          "schema_version": 0,
          "attributes": {
            "address_space": [
              "10.0.0.0/16"
            ],
            "bgp_community": "",
            "ddos_protection_plan": [],
            "dns_servers": [],
            "edge_zone": "",
            "flow_timeout_in_minutes": 0,
            "guid": "3845896b-2701-438b-8595-af5109281e63",
            "id": "/subscriptions/d6c8d337-3ebc-4622-93d2-90cc522d0662/resourceGroups/rg-tr-westus/providers/Microsoft.Network/virtualNetworks/vnet-tr-westus",
            "location": "westus",
            "name": "vnet-tr-westus",
            "resource_group_name": "rg-tr-westus",
            "subnet": [],
            "tags": null,
            "timeouts": null
          },
          "sensitive_attributes": [],
          "private": "eyJlMmJmYjczMC1lY2FhLTExZTYtOGY4OC0zNDM2M2JjN2M0YzAiOnsiY3JlYXRlIjoxODAwMDAwMDAwMDAwLCJkZWxldGUiOjE4MDAwMDAwMDAwMDAsInJlYWQiOjMwMDAwMDAwMDAwMCwidXBkYXRlIjoxODAwMDAwMDAwMDAwfX0="
        }
      ]
    }
  ],
  "check_results": null
}
