{
  "version": 4,
  "terraform_version": "1.5.6",
  "serial": 468,
  "lineage": "98885d53-aac9-70e2-3720-0037bf0ba10d",
  "outputs": {
    "private_ip_db": {
      "value": "10.0.0.10",
      "type": "string"
    },
    "public_ip_db": {
      "value": {
        "allocation_method": "Static",
        "domain_name_label": null,
        "edge_zone": "",
        "fqdn": null,
        "id": "/subscriptions/d6c8d337-3ebc-4622-93d2-90cc522d0662/resourceGroups/rg-tr-westus/providers/Microsoft.Network/publicIPAddresses/pip-te-db-westus",
        "idle_timeout_in_minutes": 4,
        "ip_address": "20.245.204.10",
        "ip_tags": {},
        "ip_version": "IPv4",
        "location": "westus",
        "name": "pip-te-db-westus",
        "public_ip_prefix_id": null,
        "resource_group_name": "rg-tr-westus",
        "reverse_fqdn": null,
        "sku": "Basic",
        "sku_tier": "Regional",
        "tags": {},
        "timeouts": null,
        "zones": []
      },
      "type": [
        "object",
        {
          "allocation_method": "string",
          "domain_name_label": "string",
          "edge_zone": "string",
          "fqdn": "string",
          "id": "string",
          "idle_timeout_in_minutes": "number",
          "ip_address": "string",
          "ip_tags": [
            "map",
            "string"
          ],
          "ip_version": "string",
          "location": "string",
          "name": "string",
          "public_ip_prefix_id": "string",
          "resource_group_name": "string",
          "reverse_fqdn": "string",
          "sku": "string",
          "sku_tier": "string",
          "tags": [
            "map",
            "string"
          ],
          "timeouts": [
            "object",
            {
              "create": "string",
              "delete": "string",
              "read": "string",
              "update": "string"
            }
          ],
          "zones": [
            "set",
            "string"
          ]
        }
      ]
    },
    "resource_group_name": {
      "value": "rg-tr-westus",
      "type": "string"
    }
  },
  "resources": [
    {
      "mode": "data",
      "type": "template_file",
      "name": "base64_encoded_script",
      "provider": "provider[\"registry.terraform.io/hashicorp/template\"]",
      "instances": [
        {
          "schema_version": 0,
          "attributes": {
            "filename": null,
            "id": "5a9b09111b4ec59a2514765d680597f28b041fbfc6e251cff965ef7518acb7bf",
            "rendered": "sudo apt update\nsudo apt install -y python3 python3-pip\nsudo apt install libpq-dev -y\nsudo apt install python3-flask\n\npip3 install fastapi\npip3 install uvicorn\npip3 install psycopg2\npip3 install Flask-SQLAlchemy\nFlask Flask-SQLAlchemy psycopg2\napt-get install -y python3-flask python3-itsdangerous python3-pyinotify python3-simplejson python3-werkzeug\ngit clone https://github.com/adikoren/tr_progect.git\n# Run the Flask app\npython3 /var/lib/waagent/custom-script/download/0/tr_progect/flask_app/app.py \u0026\n\n\n\n\n",
            "template": "sudo apt update\nsudo apt install -y python3 python3-pip\nsudo apt install libpq-dev -y\nsudo apt install python3-flask\n\npip3 install fastapi\npip3 install uvicorn\npip3 install psycopg2\npip3 install Flask-SQLAlchemy\nFlask Flask-SQLAlchemy psycopg2\napt-get install -y python3-flask python3-itsdangerous python3-pyinotify python3-simplejson python3-werkzeug\ngit clone https://github.com/adikoren/tr_progect.git\n# Run the Flask app\npython3 /var/lib/waagent/custom-script/download/0/tr_progect/flask_app/app.py \u0026\n\n\n\n\n",
            "vars": null
          },
          "sensitive_attributes": []
        }
      ]
    },
    {
      "mode": "managed",
      "type": "azurerm_linux_virtual_machine",
      "name": "az_vm_db",
      "provider": "provider[\"registry.terraform.io/hashicorp/azurerm\"]",
      "instances": []
    },
    {
      "mode": "managed",
      "type": "azurerm_linux_virtual_machine",
      "name": "az_vm_webapp",
      "provider": "provider[\"registry.terraform.io/hashicorp/azurerm\"]",
      "instances": []
    },
    {
      "mode": "managed",
      "type": "azurerm_network_interface",
      "name": "az_nic_db",
      "provider": "provider[\"registry.terraform.io/hashicorp/azurerm\"]",
      "instances": []
    },
    {
      "mode": "managed",
      "type": "azurerm_network_interface",
      "name": "az_nic_webapp",
      "provider": "provider[\"registry.terraform.io/hashicorp/azurerm\"]",
      "instances": []
    },
    {
      "mode": "managed",
      "type": "azurerm_resource_group",
      "name": "az_rg",
      "provider": "provider[\"registry.terraform.io/hashicorp/azurerm\"]",
      "instances": [
        {
          "schema_version": 0,
          "attributes": {
            "id": "/subscriptions/d6c8d337-3ebc-4622-93d2-90cc522d0662/resourceGroups/rg-tr-westus",
            "location": "westus",
            "name": "rg-tr-westus",
            "tags": null,
            "timeouts": null
          },
          "sensitive_attributes": [],
          "private": "eyJlMmJmYjczMC1lY2FhLTExZTYtOGY4OC0zNDM2M2JjN2M0YzAiOnsiY3JlYXRlIjo1NDAwMDAwMDAwMDAwLCJkZWxldGUiOjU0MDAwMDAwMDAwMDAsInJlYWQiOjMwMDAwMDAwMDAwMCwidXBkYXRlIjo1NDAwMDAwMDAwMDAwfX0="
        }
      ]
    },
    {
      "mode": "managed",
      "type": "azurerm_subnet",
      "name": "az_snet_db_tr_westus",
      "provider": "provider[\"registry.terraform.io/hashicorp/azurerm\"]",
      "instances": []
    },
    {
      "mode": "managed",
      "type": "azurerm_subnet",
      "name": "az_snet_webapp_tr_westus",
      "provider": "provider[\"registry.terraform.io/hashicorp/azurerm\"]",
      "instances": []
    },
    {
      "mode": "managed",
      "type": "azurerm_subnet_network_security_group_association",
      "name": "az_snetsgas_db",
      "provider": "provider[\"registry.terraform.io/hashicorp/azurerm\"]",
      "instances": []
    },
    {
      "mode": "managed",
      "type": "azurerm_subnet_network_security_group_association",
      "name": "az_snetsgas_webapp",
      "provider": "provider[\"registry.terraform.io/hashicorp/azurerm\"]",
      "instances": []
    },
    {
      "mode": "managed",
      "type": "azurerm_virtual_machine_extension",
      "name": "az_vm_ext_script_db",
      "provider": "provider[\"registry.terraform.io/hashicorp/azurerm\"]",
      "instances": []
    },
    {
      "mode": "managed",
      "type": "azurerm_virtual_machine_extension",
      "name": "az_vm_ext_script_webapp",
      "provider": "provider[\"registry.terraform.io/hashicorp/azurerm\"]",
      "instances": []
    }
  ],
  "check_results": null
}
